// !$*UTF8*$!
{
	archiveVersion = 1;
	classes = {
	};
	objectVersion = 50;
	objects = {

/* Begin PBXBuildFile section */
		9F13B113246374EA00F1F3B0 /* ARInfoContainer.swift in Sources */ = {isa = PBXBuildFile; fileRef = 9F13B112246374EA00F1F3B0 /* ARInfoContainer.swift */; };
		9F475725248DA098003DD94F /* MapDetailedController.swift in Sources */ = {isa = PBXBuildFile; fileRef = 9F475724248DA098003DD94F /* MapDetailedController.swift */; };
		9F475727248DB1F5003DD94F /* MainARAudioVideoExtension.swift in Sources */ = {isa = PBXBuildFile; fileRef = 9F475726248DB1F5003DD94F /* MainARAudioVideoExtension.swift */; };
		9F475729248DB209003DD94F /* MainARShowingInfoExtension.swift in Sources */ = {isa = PBXBuildFile; fileRef = 9F475728248DB209003DD94F /* MainARShowingInfoExtension.swift */; };
		9F47572B248DB216003DD94F /* MainControllerARExtension.swift in Sources */ = {isa = PBXBuildFile; fileRef = 9F47572A248DB216003DD94F /* MainControllerARExtension.swift */; };
		9F47572D248DB21F003DD94F /* MainARButtonActionsExtension.swift in Sources */ = {isa = PBXBuildFile; fileRef = 9F47572C248DB21F003DD94F /* MainARButtonActionsExtension.swift */; };
		9F475732248DBF9C003DD94F /* Safety in F1.mp3 in Resources */ = {isa = PBXBuildFile; fileRef = 9F475731248DBF9C003DD94F /* Safety in F1.mp3 */; };
		9F475734248DF443003DD94F /* Huracan.usdz in Resources */ = {isa = PBXBuildFile; fileRef = 9F475733248DF443003DD94F /* Huracan.usdz */; };
		9F5C9F68245F3BC30044DE1A /* Teapot.usdz in Resources */ = {isa = PBXBuildFile; fileRef = 9F5C9F65245F3BC20044DE1A /* Teapot.usdz */; };
		9F5C9F69245F3BC30044DE1A /* Pig.usdz in Resources */ = {isa = PBXBuildFile; fileRef = 9F5C9F66245F3BC20044DE1A /* Pig.usdz */; };
		9F5C9F6A245F3BC30044DE1A /* Gramophone.usdz in Resources */ = {isa = PBXBuildFile; fileRef = 9F5C9F67245F3BC30044DE1A /* Gramophone.usdz */; };
		9F5C9F6E245F3C080044DE1A /* VirtualObjectsListController.swift in Sources */ = {isa = PBXBuildFile; fileRef = 9F5C9F6C245F3C080044DE1A /* VirtualObjectsListController.swift */; };
		9F5C9F71245F3C620044DE1A /* VirtualObjectCell.swift in Sources */ = {isa = PBXBuildFile; fileRef = 9F5C9F70245F3C620044DE1A /* VirtualObjectCell.swift */; };
		9F5C9F74245F3E2B0044DE1A /* VirtualObjects.xcassets in Resources */ = {isa = PBXBuildFile; fileRef = 9F5C9F73245F3E2B0044DE1A /* VirtualObjects.xcassets */; };
		9F988FDB24111E980021A8B5 /* AppDelegate.swift in Sources */ = {isa = PBXBuildFile; fileRef = 9F988FDA24111E980021A8B5 /* AppDelegate.swift */; };
		9F988FDF24111E980021A8B5 /* Experience.rcproject in Sources */ = {isa = PBXBuildFile; fileRef = 9F988FDE24111E980021A8B5 /* Experience.rcproject */; };
		9F988FE224111E980021A8B5 /* Main.storyboard in Resources */ = {isa = PBXBuildFile; fileRef = 9F988FE024111E980021A8B5 /* Main.storyboard */; };
		9F988FE424111E9C0021A8B5 /* Assets.xcassets in Resources */ = {isa = PBXBuildFile; fileRef = 9F988FE324111E9C0021A8B5 /* Assets.xcassets */; };
		9F988FE724111E9C0021A8B5 /* LaunchScreen.storyboard in Resources */ = {isa = PBXBuildFile; fileRef = 9F988FE524111E9C0021A8B5 /* LaunchScreen.storyboard */; };
		9FA651EC2467643200330D4E /* ExhibitsManager.swift in Sources */ = {isa = PBXBuildFile; fileRef = 9FA651EB2467643200330D4E /* ExhibitsManager.swift */; };
		9FAF98FC2464A3C9005BDEB5 /* VirtualInfo.swift in Sources */ = {isa = PBXBuildFile; fileRef = 9FAF98FB2464A3C9005BDEB5 /* VirtualInfo.swift */; };
		9FAF98FE2464A734005BDEB5 /* Extensions.swift in Sources */ = {isa = PBXBuildFile; fileRef = 9FAF98FD2464A734005BDEB5 /* Extensions.swift */; };
		9FAF99012464AC70005BDEB5 /* TextInfoCell.swift in Sources */ = {isa = PBXBuildFile; fileRef = 9FAF99002464AC70005BDEB5 /* TextInfoCell.swift */; };
		9FAF99032464C122005BDEB5 /* ImageInfoCell.swift in Sources */ = {isa = PBXBuildFile; fileRef = 9FAF99022464C122005BDEB5 /* ImageInfoCell.swift */; };
		9FC98EA2246CC7C2009CC77C /* InfoCollectionController.swift in Sources */ = {isa = PBXBuildFile; fileRef = 9FC98EA1246CC7C2009CC77C /* InfoCollectionController.swift */; };
		9FE3832F24620F73007EB33A /* VirtualObject.swift in Sources */ = {isa = PBXBuildFile; fileRef = 9FE3832E24620F73007EB33A /* VirtualObject.swift */; };
		9FE3833124621124007EB33A /* VirtualObjectsManager.swift in Sources */ = {isa = PBXBuildFile; fileRef = 9FE3833024621124007EB33A /* VirtualObjectsManager.swift */; };
		9FE388BD24684A890002645E /* MainARController.swift in Sources */ = {isa = PBXBuildFile; fileRef = 9FE388BC24684A890002645E /* MainARController.swift */; };
		9FE388BF246897B60002645E /* AudioManager.swift in Sources */ = {isa = PBXBuildFile; fileRef = 9FE388BE246897B60002645E /* AudioManager.swift */; };
		9FE388C324689CB30002645E /* NotificationsManager.swift in Sources */ = {isa = PBXBuildFile; fileRef = 9FE388C224689CB30002645E /* NotificationsManager.swift */; };
		9FE388C524689CBF0002645E /* PermissionsChecker.swift in Sources */ = {isa = PBXBuildFile; fileRef = 9FE388C424689CBF0002645E /* PermissionsChecker.swift */; };
		9FE388C624689CF00002645E /* Old.swift in Sources */ = {isa = PBXBuildFile; fileRef = 9FA651ED2467743600330D4E /* Old.swift */; };
		9FE3AE91246A2D3800B193D0 /* VideoCell.swift in Sources */ = {isa = PBXBuildFile; fileRef = 9FE3AE8F246A194500B193D0 /* VideoCell.swift */; };
/* End PBXBuildFile section */

/* Begin PBXFileReference section */
		9F13B112246374EA00F1F3B0 /* ARInfoContainer.swift */ = {isa = PBXFileReference; lastKnownFileType = sourcecode.swift; path = ARInfoContainer.swift; sourceTree = "<group>"; };
		9F475724248DA098003DD94F /* MapDetailedController.swift */ = {isa = PBXFileReference; lastKnownFileType = sourcecode.swift; path = MapDetailedController.swift; sourceTree = "<group>"; };
		9F475726248DB1F5003DD94F /* MainARAudioVideoExtension.swift */ = {isa = PBXFileReference; lastKnownFileType = sourcecode.swift; path = MainARAudioVideoExtension.swift; sourceTree = "<group>"; };
		9F475728248DB209003DD94F /* MainARShowingInfoExtension.swift */ = {isa = PBXFileReference; fileEncoding = 4; lastKnownFileType = sourcecode.swift; path = MainARShowingInfoExtension.swift; sourceTree = "<group>"; };
		9F47572A248DB216003DD94F /* MainControllerARExtension.swift */ = {isa = PBXFileReference; fileEncoding = 4; lastKnownFileType = sourcecode.swift; path = MainControllerARExtension.swift; sourceTree = "<group>"; };
		9F47572C248DB21F003DD94F /* MainARButtonActionsExtension.swift */ = {isa = PBXFileReference; fileEncoding = 4; lastKnownFileType = sourcecode.swift; path = MainARButtonActionsExtension.swift; sourceTree = "<group>"; };
		9F475731248DBF9C003DD94F /* Safety in F1.mp3 */ = {isa = PBXFileReference; lastKnownFileType = audio.mp3; name = "Safety in F1.mp3"; path = "ARMuseum/Resources/Safety in F1.mp3"; sourceTree = SOURCE_ROOT; };
		9F475733248DF443003DD94F /* Huracan.usdz */ = {isa = PBXFileReference; lastKnownFileType = file.usdz; path = Huracan.usdz; sourceTree = "<group>"; };
		9F5C9F65245F3BC20044DE1A /* Teapot.usdz */ = {isa = PBXFileReference; lastKnownFileType = file.usdz; path = Teapot.usdz; sourceTree = "<group>"; };
		9F5C9F66245F3BC20044DE1A /* Pig.usdz */ = {isa = PBXFileReference; lastKnownFileType = file.usdz; path = Pig.usdz; sourceTree = "<group>"; };
		9F5C9F67245F3BC30044DE1A /* Gramophone.usdz */ = {isa = PBXFileReference; lastKnownFileType = file.usdz; path = Gramophone.usdz; sourceTree = "<group>"; };
		9F5C9F6C245F3C080044DE1A /* VirtualObjectsListController.swift */ = {isa = PBXFileReference; lastKnownFileType = sourcecode.swift; path = VirtualObjectsListController.swift; sourceTree = "<group>"; };
		9F5C9F70245F3C620044DE1A /* VirtualObjectCell.swift */ = {isa = PBXFileReference; fileEncoding = 4; lastKnownFileType = sourcecode.swift; path = VirtualObjectCell.swift; sourceTree = "<group>"; };
		9F5C9F73245F3E2B0044DE1A /* VirtualObjects.xcassets */ = {isa = PBXFileReference; lastKnownFileType = folder.assetcatalog; path = VirtualObjects.xcassets; sourceTree = "<group>"; };
		9F988FD724111E980021A8B5 /* ARMuseum.app */ = {isa = PBXFileReference; explicitFileType = wrapper.application; includeInIndex = 0; path = ARMuseum.app; sourceTree = BUILT_PRODUCTS_DIR; };
		9F988FDA24111E980021A8B5 /* AppDelegate.swift */ = {isa = PBXFileReference; lastKnownFileType = sourcecode.swift; path = AppDelegate.swift; sourceTree = "<group>"; };
		9F988FDC24111E980021A8B5 /* ViewController.swift */ = {isa = PBXFileReference; lastKnownFileType = sourcecode.swift; path = ViewController.swift; sourceTree = "<group>"; };
		9F988FDE24111E980021A8B5 /* Experience.rcproject */ = {isa = PBXFileReference; lastKnownFileType = file.rcproject; path = Experience.rcproject; sourceTree = "<group>"; };
		9F988FE124111E980021A8B5 /* Base */ = {isa = PBXFileReference; lastKnownFileType = file.storyboard; name = Base; path = Base.lproj/Main.storyboard; sourceTree = "<group>"; };
		9F988FE324111E9C0021A8B5 /* Assets.xcassets */ = {isa = PBXFileReference; lastKnownFileType = folder.assetcatalog; path = Assets.xcassets; sourceTree = "<group>"; };
		9F988FE624111E9C0021A8B5 /* Base */ = {isa = PBXFileReference; lastKnownFileType = file.storyboard; name = Base; path = Base.lproj/LaunchScreen.storyboard; sourceTree = "<group>"; };
		9F988FE824111E9C0021A8B5 /* Info.plist */ = {isa = PBXFileReference; lastKnownFileType = text.plist.xml; path = Info.plist; sourceTree = "<group>"; };
		9FA651EB2467643200330D4E /* ExhibitsManager.swift */ = {isa = PBXFileReference; lastKnownFileType = sourcecode.swift; path = ExhibitsManager.swift; sourceTree = "<group>"; };
		9FA651ED2467743600330D4E /* Old.swift */ = {isa = PBXFileReference; lastKnownFileType = sourcecode.swift; path = Old.swift; sourceTree = "<group>"; };
		9FAF98FB2464A3C9005BDEB5 /* VirtualInfo.swift */ = {isa = PBXFileReference; lastKnownFileType = sourcecode.swift; path = VirtualInfo.swift; sourceTree = "<group>"; };
		9FAF98FD2464A734005BDEB5 /* Extensions.swift */ = {isa = PBXFileReference; lastKnownFileType = sourcecode.swift; path = Extensions.swift; sourceTree = "<group>"; };
		9FAF99002464AC70005BDEB5 /* TextInfoCell.swift */ = {isa = PBXFileReference; lastKnownFileType = sourcecode.swift; path = TextInfoCell.swift; sourceTree = "<group>"; };
		9FAF99022464C122005BDEB5 /* ImageInfoCell.swift */ = {isa = PBXFileReference; lastKnownFileType = sourcecode.swift; path = ImageInfoCell.swift; sourceTree = "<group>"; };
		9FC98EA1246CC7C2009CC77C /* InfoCollectionController.swift */ = {isa = PBXFileReference; lastKnownFileType = sourcecode.swift; path = InfoCollectionController.swift; sourceTree = "<group>"; };
		9FE3832E24620F73007EB33A /* VirtualObject.swift */ = {isa = PBXFileReference; lastKnownFileType = sourcecode.swift; path = VirtualObject.swift; sourceTree = "<group>"; };
		9FE3833024621124007EB33A /* VirtualObjectsManager.swift */ = {isa = PBXFileReference; lastKnownFileType = sourcecode.swift; path = VirtualObjectsManager.swift; sourceTree = "<group>"; };
		9FE388BC24684A890002645E /* MainARController.swift */ = {isa = PBXFileReference; fileEncoding = 4; lastKnownFileType = sourcecode.swift; path = MainARController.swift; sourceTree = "<group>"; };
		9FE388BE246897B60002645E /* AudioManager.swift */ = {isa = PBXFileReference; lastKnownFileType = sourcecode.swift; path = AudioManager.swift; sourceTree = "<group>"; };
		9FE388C224689CB30002645E /* NotificationsManager.swift */ = {isa = PBXFileReference; lastKnownFileType = sourcecode.swift; path = NotificationsManager.swift; sourceTree = "<group>"; };
		9FE388C424689CBF0002645E /* PermissionsChecker.swift */ = {isa = PBXFileReference; lastKnownFileType = sourcecode.swift; path = PermissionsChecker.swift; sourceTree = "<group>"; };
		9FE3AE8F246A194500B193D0 /* VideoCell.swift */ = {isa = PBXFileReference; lastKnownFileType = sourcecode.swift; path = VideoCell.swift; sourceTree = "<group>"; };
/* End PBXFileReference section */

/* Begin PBXFrameworksBuildPhase section */
		9F988FD424111E980021A8B5 /* Frameworks */ = {
			isa = PBXFrameworksBuildPhase;
			buildActionMask = 2147483647;
			files = (
			);
			runOnlyForDeploymentPostprocessing = 0;
		};
/* End PBXFrameworksBuildPhase section */

/* Begin PBXGroup section */
		9F19234E2473271200024701 /* Main */ = {
			isa = PBXGroup;
			children = (
				9FE388BC24684A890002645E /* MainARController.swift */,
				9F475726248DB1F5003DD94F /* MainARAudioVideoExtension.swift */,
				9F47572A248DB216003DD94F /* MainControllerARExtension.swift */,
				9F475728248DB209003DD94F /* MainARShowingInfoExtension.swift */,
				9F47572C248DB21F003DD94F /* MainARButtonActionsExtension.swift */,
			);
			path = Main;
			sourceTree = "<group>";
		};
		9F19234F2473271D00024701 /* Additional */ = {
			isa = PBXGroup;
			children = (
				9FC98EA1246CC7C2009CC77C /* InfoCollectionController.swift */,
				9F5C9F6C245F3C080044DE1A /* VirtualObjectsListController.swift */,
				9F475724248DA098003DD94F /* MapDetailedController.swift */,
			);
			path = Additional;
			sourceTree = "<group>";
		};
		9F5C9F62245F3A450044DE1A /* Controllers */ = {
			isa = PBXGroup;
			children = (
				9F19234F2473271D00024701 /* Additional */,
				9F19234E2473271200024701 /* Main */,
			);
			path = Controllers;
			sourceTree = "<group>";
		};
		9F5C9F63245F3AD30044DE1A /* Resources */ = {
			isa = PBXGroup;
			children = (
				9F5C9F6B245F3BDD0044DE1A /* USDZ */,
				9F988FE324111E9C0021A8B5 /* Assets.xcassets */,
				9F988FE524111E9C0021A8B5 /* LaunchScreen.storyboard */,
				9F5C9F73245F3E2B0044DE1A /* VirtualObjects.xcassets */,
				9F475731248DBF9C003DD94F /* Safety in F1.mp3 */,
			);
			path = Resources;
			sourceTree = "<group>";
		};
		9F5C9F64245F3AE40044DE1A /* Helpers */ = {
			isa = PBXGroup;
			children = (
				9FAF98FD2464A734005BDEB5 /* Extensions.swift */,
				9FE3833024621124007EB33A /* VirtualObjectsManager.swift */,
				9FA651EB2467643200330D4E /* ExhibitsManager.swift */,
				9FE388BE246897B60002645E /* AudioManager.swift */,
				9FE388C224689CB30002645E /* NotificationsManager.swift */,
				9FE388C424689CBF0002645E /* PermissionsChecker.swift */,
			);
			path = Helpers;
			sourceTree = "<group>";
		};
		9F5C9F6B245F3BDD0044DE1A /* USDZ */ = {
			isa = PBXGroup;
			children = (
				9F475733248DF443003DD94F /* Huracan.usdz */,
				9F5C9F67245F3BC30044DE1A /* Gramophone.usdz */,
				9F5C9F66245F3BC20044DE1A /* Pig.usdz */,
				9F5C9F65245F3BC20044DE1A /* Teapot.usdz */,
			);
			path = USDZ;
			sourceTree = "<group>";
		};
		9F5C9F72245F3C660044DE1A /* Views */ = {
			isa = PBXGroup;
			children = (
				9FAF98FF2464AC51005BDEB5 /* Cells */,
				9F988FE024111E980021A8B5 /* Main.storyboard */,
			);
			path = Views;
			sourceTree = "<group>";
		};
		9F5E6B99245CBCAE0086A86C /* RealityKit */ = {
			isa = PBXGroup;
			children = (
				9F988FDC24111E980021A8B5 /* ViewController.swift */,
				9F988FDE24111E980021A8B5 /* Experience.rcproject */,
			);
			path = RealityKit;
			sourceTree = "<group>";
		};
		9F988FCE24111E980021A8B5 = {
			isa = PBXGroup;
			children = (
				9F988FD924111E980021A8B5 /* ARMuseum */,
				9F988FD824111E980021A8B5 /* Products */,
			);
			sourceTree = "<group>";
		};
		9F988FD824111E980021A8B5 /* Products */ = {
			isa = PBXGroup;
			children = (
				9F988FD724111E980021A8B5 /* ARMuseum.app */,
			);
			name = Products;
			sourceTree = "<group>";
		};
		9F988FD924111E980021A8B5 /* ARMuseum */ = {
			isa = PBXGroup;
			children = (
				9F988FDA24111E980021A8B5 /* AppDelegate.swift */,
				9F988FE824111E9C0021A8B5 /* Info.plist */,
				9FA651ED2467743600330D4E /* Old.swift */,
				9F5C9F64245F3AE40044DE1A /* Helpers */,
				9F5C9F63245F3AD30044DE1A /* Resources */,
				9FE3832D24620F1C007EB33A /* Model */,
				9F5C9F72245F3C660044DE1A /* Views */,
				9F5C9F62245F3A450044DE1A /* Controllers */,
				9F5E6B99245CBCAE0086A86C /* RealityKit */,
			);
			path = ARMuseum;
			sourceTree = "<group>";
		};
		9FAF98FF2464AC51005BDEB5 /* Cells */ = {
			isa = PBXGroup;
			children = (
				9F5C9F70245F3C620044DE1A /* VirtualObjectCell.swift */,
				9FAF99002464AC70005BDEB5 /* TextInfoCell.swift */,
				9FAF99022464C122005BDEB5 /* ImageInfoCell.swift */,
				9FE3AE8F246A194500B193D0 /* VideoCell.swift */,
			);
			path = Cells;
			sourceTree = "<group>";
		};
		9FE3832D24620F1C007EB33A /* Model */ = {
			isa = PBXGroup;
			children = (
				9FE3832E24620F73007EB33A /* VirtualObject.swift */,
				9FAF98FB2464A3C9005BDEB5 /* VirtualInfo.swift */,
				9F13B112246374EA00F1F3B0 /* ARInfoContainer.swift */,
			);
			path = Model;
			sourceTree = "<group>";
		};
/* End PBXGroup section */

/* Begin PBXNativeTarget section */
		9F988FD624111E980021A8B5 /* ARMuseum */ = {
			isa = PBXNativeTarget;
			buildConfigurationList = 9F988FEB24111E9C0021A8B5 /* Build configuration list for PBXNativeTarget "ARMuseum" */;
			buildPhases = (
				9F988FD324111E980021A8B5 /* Sources */,
				9F988FD424111E980021A8B5 /* Frameworks */,
				9F988FD524111E980021A8B5 /* Resources */,
			);
			buildRules = (
			);
			dependencies = (
			);
			name = ARMuseum;
			productName = ARMuseum;
			productReference = 9F988FD724111E980021A8B5 /* ARMuseum.app */;
			productType = "com.apple.product-type.application";
		};
/* End PBXNativeTarget section */

/* Begin PBXProject section */
		9F988FCF24111E980021A8B5 /* Project object */ = {
			isa = PBXProject;
			attributes = {
				LastSwiftUpdateCheck = 1130;
				LastUpgradeCheck = 1130;
				ORGANIZATIONNAME = dron;
				TargetAttributes = {
					9F988FD624111E980021A8B5 = {
						CreatedOnToolsVersion = 11.3.1;
					};
				};
			};
			buildConfigurationList = 9F988FD224111E980021A8B5 /* Build configuration list for PBXProject "ARMuseum" */;
			compatibilityVersion = "Xcode 9.3";
			developmentRegion = en;
			hasScannedForEncodings = 0;
			knownRegions = (
				en,
				Base,
			);
			mainGroup = 9F988FCE24111E980021A8B5;
			productRefGroup = 9F988FD824111E980021A8B5 /* Products */;
			projectDirPath = "";
			projectRoot = "";
			targets = (
				9F988FD624111E980021A8B5 /* ARMuseum */,
			);
		};
/* End PBXProject section */

/* Begin PBXResourcesBuildPhase section */
		9F988FD524111E980021A8B5 /* Resources */ = {
			isa = PBXResourcesBuildPhase;
			buildActionMask = 2147483647;
			files = (
				9F475732248DBF9C003DD94F /* Safety in F1.mp3 in Resources */,
				9F5C9F69245F3BC30044DE1A /* Pig.usdz in Resources */,
				9F5C9F6A245F3BC30044DE1A /* Gramophone.usdz in Resources */,
				9F475734248DF443003DD94F /* Huracan.usdz in Resources */,
				9F5C9F68245F3BC30044DE1A /* Teapot.usdz in Resources */,
				9F988FE724111E9C0021A8B5 /* LaunchScreen.storyboard in Resources */,
				9F988FE424111E9C0021A8B5 /* Assets.xcassets in Resources */,
				9F988FE224111E980021A8B5 /* Main.storyboard in Resources */,
				9F5C9F74245F3E2B0044DE1A /* VirtualObjects.xcassets in Resources */,
			);
			runOnlyForDeploymentPostprocessing = 0;
		};
/* End PBXResourcesBuildPhase section */

/* Begin PBXSourcesBuildPhase section */
		9F988FD324111E980021A8B5 /* Sources */ = {
			isa = PBXSourcesBuildPhase;
			buildActionMask = 2147483647;
			files = (
				9F5C9F6E245F3C080044DE1A /* VirtualObjectsListController.swift in Sources */,
				9F5C9F71245F3C620044DE1A /* VirtualObjectCell.swift in Sources */,
				9FE3832F24620F73007EB33A /* VirtualObject.swift in Sources */,
				9FAF98FC2464A3C9005BDEB5 /* VirtualInfo.swift in Sources */,
				9F475727248DB1F5003DD94F /* MainARAudioVideoExtension.swift in Sources */,
				9FC98EA2246CC7C2009CC77C /* InfoCollectionController.swift in Sources */,
				9F13B113246374EA00F1F3B0 /* ARInfoContainer.swift in Sources */,
				9FE3AE91246A2D3800B193D0 /* VideoCell.swift in Sources */,
				9FE388C624689CF00002645E /* Old.swift in Sources */,
				9FAF99012464AC70005BDEB5 /* TextInfoCell.swift in Sources */,
				9F47572B248DB216003DD94F /* MainControllerARExtension.swift in Sources */,
				9FAF98FE2464A734005BDEB5 /* Extensions.swift in Sources */,
				9F475729248DB209003DD94F /* MainARShowingInfoExtension.swift in Sources */,
				9F988FDB24111E980021A8B5 /* AppDelegate.swift in Sources */,
				9FE388BD24684A890002645E /* MainARController.swift in Sources */,
				9F47572D248DB21F003DD94F /* MainARButtonActionsExtension.swift in Sources */,
				9FE388C524689CBF0002645E /* PermissionsChecker.swift in Sources */,
				9FE388BF246897B60002645E /* AudioManager.swift in Sources */,
				9FE3833124621124007EB33A /* VirtualObjectsManager.swift in Sources */,
				9FA651EC2467643200330D4E /* ExhibitsManager.swift in Sources */,
				9FE388C324689CB30002645E /* NotificationsManager.swift in Sources */,
				9FAF99032464C122005BDEB5 /* ImageInfoCell.swift in Sources */,
				9F988FDF24111E980021A8B5 /* Experience.rcproject in Sources */,
				9F475725248DA098003DD94F /* MapDetailedController.swift in Sources */,
			);
			runOnlyForDeploymentPostprocessing = 0;
		};
/* End PBXSourcesBuildPhase section */

/* Begin PBXVariantGroup section */
		9F988FE024111E980021A8B5 /* Main.storyboard */ = {
			isa = PBXVariantGroup;
			children = (
				9F988FE124111E980021A8B5 /* Base */,
			);
			name = Main.storyboard;
			sourceTree = "<group>";
		};
		9F988FE524111E9C0021A8B5 /* LaunchScreen.storyboard */ = {
			isa = PBXVariantGroup;
			children = (
				9F988FE624111E9C0021A8B5 /* Base */,
			);
			name = LaunchScreen.storyboard;
			sourceTree = "<group>";
		};
/* End PBXVariantGroup section */

/* Begin XCBuildConfiguration section */
		9F988FE924111E9C0021A8B5 /* Debug */ = {
			isa = XCBuildConfiguration;
			buildSettings = {
				ALWAYS_SEARCH_USER_PATHS = NO;
				CLANG_ANALYZER_NONNULL = YES;
				CLANG_ANALYZER_NUMBER_OBJECT_CONVERSION = YES_AGGRESSIVE;
				CLANG_CXX_LANGUAGE_STANDARD = "gnu++14";
				CLANG_CXX_LIBRARY = "libc++";
				CLANG_ENABLE_MODULES = YES;
				CLANG_ENABLE_OBJC_ARC = YES;
				CLANG_ENABLE_OBJC_WEAK = YES;
				CLANG_WARN_BLOCK_CAPTURE_AUTORELEASING = YES;
				CLANG_WARN_BOOL_CONVERSION = YES;
				CLANG_WARN_COMMA = YES;
				CLANG_WARN_CONSTANT_CONVERSION = YES;
				CLANG_WARN_DEPRECATED_OBJC_IMPLEMENTATIONS = YES;
				CLANG_WARN_DIRECT_OBJC_ISA_USAGE = YES_ERROR;
				CLANG_WARN_DOCUMENTATION_COMMENTS = YES;
				CLANG_WARN_EMPTY_BODY = YES;
				CLANG_WARN_ENUM_CONVERSION = YES;
				CLANG_WARN_INFINITE_RECURSION = YES;
				CLANG_WARN_INT_CONVERSION = YES;
				CLANG_WARN_NON_LITERAL_NULL_CONVERSION = YES;
				CLANG_WARN_OBJC_IMPLICIT_RETAIN_SELF = YES;
				CLANG_WARN_OBJC_LITERAL_CONVERSION = YES;
				CLANG_WARN_OBJC_ROOT_CLASS = YES_ERROR;
				CLANG_WARN_RANGE_LOOP_ANALYSIS = YES;
				CLANG_WARN_STRICT_PROTOTYPES = YES;
				CLANG_WARN_SUSPICIOUS_MOVE = YES;
				CLANG_WARN_UNGUARDED_AVAILABILITY = YES_AGGRESSIVE;
				CLANG_WARN_UNREACHABLE_CODE = YES;
				CLANG_WARN__DUPLICATE_METHOD_MATCH = YES;
				COPY_PHASE_STRIP = NO;
				DEBUG_INFORMATION_FORMAT = dwarf;
				ENABLE_STRICT_OBJC_MSGSEND = YES;
				ENABLE_TESTABILITY = YES;
				GCC_C_LANGUAGE_STANDARD = gnu11;
				GCC_DYNAMIC_NO_PIC = NO;
				GCC_NO_COMMON_BLOCKS = YES;
				GCC_OPTIMIZATION_LEVEL = 0;
				GCC_PREPROCESSOR_DEFINITIONS = (
					"DEBUG=1",
					"$(inherited)",
				);
				GCC_WARN_64_TO_32_BIT_CONVERSION = YES;
				GCC_WARN_ABOUT_RETURN_TYPE = YES_ERROR;
				GCC_WARN_UNDECLARED_SELECTOR = YES;
				GCC_WARN_UNINITIALIZED_AUTOS = YES_AGGRESSIVE;
				GCC_WARN_UNUSED_FUNCTION = YES;
				GCC_WARN_UNUSED_VARIABLE = YES;
				IPHONEOS_DEPLOYMENT_TARGET = 13.2;
				MTL_ENABLE_DEBUG_INFO = INCLUDE_SOURCE;
				MTL_FAST_MATH = YES;
				ONLY_ACTIVE_ARCH = YES;
				SDKROOT = iphoneos;
				SWIFT_ACTIVE_COMPILATION_CONDITIONS = DEBUG;
				SWIFT_OPTIMIZATION_LEVEL = "-Onone";
			};
			name = Debug;
		};
		9F988FEA24111E9C0021A8B5 /* Release */ = {
			isa = XCBuildConfiguration;
			buildSettings = {
				ALWAYS_SEARCH_USER_PATHS = NO;
				CLANG_ANALYZER_NONNULL = YES;
				CLANG_ANALYZER_NUMBER_OBJECT_CONVERSION = YES_AGGRESSIVE;
				CLANG_CXX_LANGUAGE_STANDARD = "gnu++14";
				CLANG_CXX_LIBRARY = "libc++";
				CLANG_ENABLE_MODULES = YES;
				CLANG_ENABLE_OBJC_ARC = YES;
				CLANG_ENABLE_OBJC_WEAK = YES;
				CLANG_WARN_BLOCK_CAPTURE_AUTORELEASING = YES;
				CLANG_WARN_BOOL_CONVERSION = YES;
				CLANG_WARN_COMMA = YES;
				CLANG_WARN_CONSTANT_CONVERSION = YES;
				CLANG_WARN_DEPRECATED_OBJC_IMPLEMENTATIONS = YES;
				CLANG_WARN_DIRECT_OBJC_ISA_USAGE = YES_ERROR;
				CLANG_WARN_DOCUMENTATION_COMMENTS = YES;
				CLANG_WARN_EMPTY_BODY = YES;
				CLANG_WARN_ENUM_CONVERSION = YES;
				CLANG_WARN_INFINITE_RECURSION = YES;
				CLANG_WARN_INT_CONVERSION = YES;
				CLANG_WARN_NON_LITERAL_NULL_CONVERSION = YES;
				CLANG_WARN_OBJC_IMPLICIT_RETAIN_SELF = YES;
				CLANG_WARN_OBJC_LITERAL_CONVERSION = YES;
				CLANG_WARN_OBJC_ROOT_CLASS = YES_ERROR;
				CLANG_WARN_RANGE_LOOP_ANALYSIS = YES;
				CLANG_WARN_STRICT_PROTOTYPES = YES;
				CLANG_WARN_SUSPICIOUS_MOVE = YES;
				CLANG_WARN_UNGUARDED_AVAILABILITY = YES_AGGRESSIVE;
				CLANG_WARN_UNREACHABLE_CODE = YES;
				CLANG_WARN__DUPLICATE_METHOD_MATCH = YES;
				COPY_PHASE_STRIP = NO;
				DEBUG_INFORMATION_FORMAT = "dwarf-with-dsym";
				ENABLE_NS_ASSERTIONS = NO;
				ENABLE_STRICT_OBJC_MSGSEND = YES;
				GCC_C_LANGUAGE_STANDARD = gnu11;
				GCC_NO_COMMON_BLOCKS = YES;
				GCC_WARN_64_TO_32_BIT_CONVERSION = YES;
				GCC_WARN_ABOUT_RETURN_TYPE = YES_ERROR;
				GCC_WARN_UNDECLARED_SELECTOR = YES;
				GCC_WARN_UNINITIALIZED_AUTOS = YES_AGGRESSIVE;
				GCC_WARN_UNUSED_FUNCTION = YES;
				GCC_WARN_UNUSED_VARIABLE = YES;
				IPHONEOS_DEPLOYMENT_TARGET = 13.2;
				MTL_ENABLE_DEBUG_INFO = NO;
				MTL_FAST_MATH = YES;
				SDKROOT = iphoneos;
				SWIFT_COMPILATION_MODE = wholemodule;
				SWIFT_OPTIMIZATION_LEVEL = "-O";
				VALIDATE_PRODUCT = YES;
			};
			name = Release;
		};
		9F988FEC24111E9C0021A8B5 /* Debug */ = {
			isa = XCBuildConfiguration;
			buildSettings = {
				ASSETCATALOG_COMPILER_APPICON_NAME = AppIcon;
				CODE_SIGN_IDENTITY = "Apple Development";
				CODE_SIGN_STYLE = Automatic;
				DEVELOPMENT_TEAM = G25J6629A6;
				INFOPLIST_FILE = ARMuseum/Info.plist;
				IPHONEOS_DEPLOYMENT_TARGET = 13.0;
				LD_RUNPATH_SEARCH_PATHS = (
					"$(inherited)",
					"@executable_path/Frameworks",
				);
				PRODUCT_BUNDLE_IDENTIFIER = dron.ThreadApp;
				PRODUCT_NAME = "$(TARGET_NAME)";
				PROVISIONING_PROFILE_SPECIFIER = "";
				SWIFT_VERSION = 5.0;
				TARGETED_DEVICE_FAMILY = "1,2";
			};
			name = Debug;
		};
		9F988FED24111E9C0021A8B5 /* Release */ = {
			isa = XCBuildConfiguration;
			buildSettings = {
				ASSETCATALOG_COMPILER_APPICON_NAME = AppIcon;
				CODE_SIGN_IDENTITY = "Apple Development";
				CODE_SIGN_STYLE = Automatic;
				DEVELOPMENT_TEAM = G25J6629A6;
				INFOPLIST_FILE = ARMuseum/Info.plist;
				IPHONEOS_DEPLOYMENT_TARGET = 13.0;
				LD_RUNPATH_SEARCH_PATHS = (
					"$(inherited)",
					"@executable_path/Frameworks",
				);
				PRODUCT_BUNDLE_IDENTIFIER = dron.ThreadApp;
				PRODUCT_NAME = "$(TARGET_NAME)";
				PROVISIONING_PROFILE_SPECIFIER = "";
				SWIFT_VERSION = 5.0;
				TARGETED_DEVICE_FAMILY = "1,2";
			};
			name = Release;
		};
/* End XCBuildConfiguration section */

/* Begin XCConfigurationList section */
		9F988FD224111E980021A8B5 /* Build configuration list for PBXProject "ARMuseum" */ = {
			isa = XCConfigurationList;
			buildConfigurations = (
				9F988FE924111E9C0021A8B5 /* Debug */,
				9F988FEA24111E9C0021A8B5 /* Release */,
			);
			defaultConfigurationIsVisible = 0;
			defaultConfigurationName = Release;
		};
		9F988FEB24111E9C0021A8B5 /* Build configuration list for PBXNativeTarget "ARMuseum" */ = {
			isa = XCConfigurationList;
			buildConfigurations = (
				9F988FEC24111E9C0021A8B5 /* Debug */,
				9F988FED24111E9C0021A8B5 /* Release */,
			);
			defaultConfigurationIsVisible = 0;
			defaultConfigurationName = Release;
		};
/* End XCConfigurationList section */
	};
	rootObject = 9F988FCF24111E980021A8B5 /* Project object */;
}
